// !$*UTF8*$!
{
	archiveVersion = 1;
	classes = {
	};
	objectVersion = 50;
	objects = {

/* Begin PBXBuildFile section */
		33E637C823A2587800C6D120 /* AppDelegate.swift in Sources */ = {isa = PBXBuildFile; fileRef = 33E637C723A2587800C6D120 /* AppDelegate.swift */; };
		33E637CA23A2587800C6D120 /* SceneDelegate.swift in Sources */ = {isa = PBXBuildFile; fileRef = 33E637C923A2587800C6D120 /* SceneDelegate.swift */; };
		33E637CC23A2587800C6D120 /* ViewController.swift in Sources */ = {isa = PBXBuildFile; fileRef = 33E637CB23A2587800C6D120 /* ViewController.swift */; };
		33E637CF23A2587800C6D120 /* Main.storyboard in Resources */ = {isa = PBXBuildFile; fileRef = 33E637CD23A2587800C6D120 /* Main.storyboard */; };
		33E637D123A2588400C6D120 /* Assets.xcassets in Resources */ = {isa = PBXBuildFile; fileRef = 33E637D023A2588400C6D120 /* Assets.xcassets */; };
		33E637D423A2588400C6D120 /* LaunchScreen.storyboard in Resources */ = {isa = PBXBuildFile; fileRef = 33E637D223A2588400C6D120 /* LaunchScreen.storyboard */; };
		33E637DF23A2588400C6D120 /* serverTests.swift in Sources */ = {isa = PBXBuildFile; fileRef = 33E637DE23A2588400C6D120 /* serverTests.swift */; };
		33E637EA23A2588400C6D120 /* serverUITests.swift in Sources */ = {isa = PBXBuildFile; fileRef = 33E637E923A2588400C6D120 /* serverUITests.swift */; };
/* End PBXBuildFile section */

/* Begin PBXContainerItemProxy section */
		33E637DB23A2588400C6D120 /* PBXContainerItemProxy */ = {
			isa = PBXContainerItemProxy;
			containerPortal = 33E637BC23A2587800C6D120 /* Project object */;
			proxyType = 1;
			remoteGlobalIDString = 33E637C323A2587800C6D120;
			remoteInfo = server;
		};
		33E637E623A2588400C6D120 /* PBXContainerItemProxy */ = {
			isa = PBXContainerItemProxy;
			containerPortal = 33E637BC23A2587800C6D120 /* Project object */;
			proxyType = 1;
			remoteGlobalIDString = 33E637C323A2587800C6D120;
			remoteInfo = server;
		};
/* End PBXContainerItemProxy section */

/* Begin PBXFileReference section */
		33E637C423A2587800C6D120 /* server.app */ = {isa = PBXFileReference; explicitFileType = wrapper.application; includeInIndex = 0; path = server.app; sourceTree = BUILT_PRODUCTS_DIR; };
		33E637C723A2587800C6D120 /* AppDelegate.swift */ = {isa = PBXFileReference; lastKnownFileType = sourcecode.swift; path = AppDelegate.swift; sourceTree = "<group>"; };
		33E637C923A2587800C6D120 /* SceneDelegate.swift */ = {isa = PBXFileReference; lastKnownFileType = sourcecode.swift; path = SceneDelegate.swift; sourceTree = "<group>"; };
		33E637CB23A2587800C6D120 /* ViewController.swift */ = {isa = PBXFileReference; lastKnownFileType = sourcecode.swift; path = ViewController.swift; sourceTree = "<group>"; };
		33E637CE23A2587800C6D120 /* Base */ = {isa = PBXFileReference; lastKnownFileType = file.storyboard; name = Base; path = Base.lproj/Main.storyboard; sourceTree = "<group>"; };
		33E637D023A2588400C6D120 /* Assets.xcassets */ = {isa = PBXFileReference; lastKnownFileType = folder.assetcatalog; path = Assets.xcassets; sourceTree = "<group>"; };
		33E637D323A2588400C6D120 /* Base */ = {isa = PBXFileReference; lastKnownFileType = file.storyboard; name = Base; path = Base.lproj/LaunchScreen.storyboard; sourceTree = "<group>"; };
		33E637D523A2588400C6D120 /* Info.plist */ = {isa = PBXFileReference; lastKnownFileType = text.plist.xml; path = Info.plist; sourceTree = "<group>"; };
		33E637DA23A2588400C6D120 /* serverTests.xctest */ = {isa = PBXFileReference; explicitFileType = wrapper.cfbundle; includeInIndex = 0; path = serverTests.xctest; sourceTree = BUILT_PRODUCTS_DIR; };
		33E637DE23A2588400C6D120 /* serverTests.swift */ = {isa = PBXFileReference; lastKnownFileType = sourcecode.swift; path = serverTests.swift; sourceTree = "<group>"; };
		33E637E023A2588400C6D120 /* Info.plist */ = {isa = PBXFileReference; lastKnownFileType = text.plist.xml; path = Info.plist; sourceTree = "<group>"; };
		33E637E523A2588400C6D120 /* serverUITests.xctest */ = {isa = PBXFileReference; explicitFileType = wrapper.cfbundle; includeInIndex = 0; path = serverUITests.xctest; sourceTree = BUILT_PRODUCTS_DIR; };
		33E637E923A2588400C6D120 /* serverUITests.swift */ = {isa = PBXFileReference; lastKnownFileType = sourcecode.swift; path = serverUITests.swift; sourceTree = "<group>"; };
		33E637EB23A2588400C6D120 /* Info.plist */ = {isa = PBXFileReference; lastKnownFileType = text.plist.xml; path = Info.plist; sourceTree = "<group>"; };
/* End PBXFileReference section */

/* Begin PBXFrameworksBuildPhase section */
		33E637C123A2587800C6D120 /* Frameworks */ = {
			isa = PBXFrameworksBuildPhase;
			buildActionMask = 2147483647;
			files = (
			);
			runOnlyForDeploymentPostprocessing = 0;
		};
		33E637D723A2588400C6D120 /* Frameworks */ = {
			isa = PBXFrameworksBuildPhase;
			buildActionMask = 2147483647;
			files = (
			);
			runOnlyForDeploymentPostprocessing = 0;
		};
		33E637E223A2588400C6D120 /* Frameworks */ = {
			isa = PBXFrameworksBuildPhase;
			buildActionMask = 2147483647;
			files = (
			);
			runOnlyForDeploymentPostprocessing = 0;
		};
/* End PBXFrameworksBuildPhase section */

/* Begin PBXGroup section */
		33E637BB23A2587800C6D120 = {
			isa = PBXGroup;
			children = (
				33E637C623A2587800C6D120 /* server */,
				33E637DD23A2588400C6D120 /* serverTests */,
				33E637E823A2588400C6D120 /* serverUITests */,
				33E637C523A2587800C6D120 /* Products */,
			);
			sourceTree = "<group>";
		};
		33E637C523A2587800C6D120 /* Products */ = {
			isa = PBXGroup;
			children = (
				33E637C423A2587800C6D120 /* server.app */,
				33E637DA23A2588400C6D120 /* serverTests.xctest */,
				33E637E523A2588400C6D120 /* serverUITests.xctest */,
			);
			name = Products;
			sourceTree = "<group>";
		};
		33E637C623A2587800C6D120 /* server */ = {
			isa = PBXGroup;
			children = (
				33E637C723A2587800C6D120 /* AppDelegate.swift */,
				33E637C923A2587800C6D120 /* SceneDelegate.swift */,
				33E637CB23A2587800C6D120 /* ViewController.swift */,
				33E637CD23A2587800C6D120 /* Main.storyboard */,
				33E637D023A2588400C6D120 /* Assets.xcassets */,
				33E637D223A2588400C6D120 /* LaunchScreen.storyboard */,
				33E637D523A2588400C6D120 /* Info.plist */,
			);
			path = server;
			sourceTree = "<group>";
		};
		33E637DD23A2588400C6D120 /* serverTests */ = {
			isa = PBXGroup;
			children = (
				33E637DE23A2588400C6D120 /* serverTests.swift */,
				33E637E023A2588400C6D120 /* Info.plist */,
			);
			path = serverTests;
			sourceTree = "<group>";
		};
		33E637E823A2588400C6D120 /* serverUITests */ = {
			isa = PBXGroup;
			children = (
				33E637E923A2588400C6D120 /* serverUITests.swift */,
				33E637EB23A2588400C6D120 /* Info.plist */,
			);
			path = serverUITests;
			sourceTree = "<group>";
		};
/* End PBXGroup section */

/* Begin PBXNativeTarget section */
		33E637C323A2587800C6D120 /* server */ = {
			isa = PBXNativeTarget;
			buildConfigurationList = 33E637EE23A2588400C6D120 /* Build configuration list for PBXNativeTarget "server" */;
			buildPhases = (
				33E637C023A2587800C6D120 /* Sources */,
				33E637C123A2587800C6D120 /* Frameworks */,
				33E637C223A2587800C6D120 /* Resources */,
			);
			buildRules = (
			);
			dependencies = (
			);
			name = server;
			productName = server;
			productReference = 33E637C423A2587800C6D120 /* server.app */;
			productType = "com.apple.product-type.application";
		};
		33E637D923A2588400C6D120 /* serverTests */ = {
			isa = PBXNativeTarget;
			buildConfigurationList = 33E637F123A2588400C6D120 /* Build configuration list for PBXNativeTarget "serverTests" */;
			buildPhases = (
				33E637D623A2588400C6D120 /* Sources */,
				33E637D723A2588400C6D120 /* Frameworks */,
				33E637D823A2588400C6D120 /* Resources */,
			);
			buildRules = (
			);
			dependencies = (
				33E637DC23A2588400C6D120 /* PBXTargetDependency */,
			);
			name = serverTests;
			productName = serverTests;
			productReference = 33E637DA23A2588400C6D120 /* serverTests.xctest */;
			productType = "com.apple.product-type.bundle.unit-test";
		};
		33E637E423A2588400C6D120 /* serverUITests */ = {
			isa = PBXNativeTarget;
			buildConfigurationList = 33E637F423A2588400C6D120 /* Build configuration list for PBXNativeTarget "serverUITests" */;
			buildPhases = (
				33E637E123A2588400C6D120 /* Sources */,
				33E637E223A2588400C6D120 /* Frameworks */,
				33E637E323A2588400C6D120 /* Resources */,
			);
			buildRules = (
			);
			dependencies = (
				33E637E723A2588400C6D120 /* PBXTargetDependency */,
			);
			name = serverUITests;
			productName = serverUITests;
			productReference = 33E637E523A2588400C6D120 /* serverUITests.xctest */;
			productType = "com.apple.product-type.bundle.ui-testing";
		};
/* End PBXNativeTarget section */

/* Begin PBXProject section */
		33E637BC23A2587800C6D120 /* Project object */ = {
			isa = PBXProject;
			attributes = {
				LastSwiftUpdateCheck = 1110;
				LastUpgradeCheck = 1110;
				ORGANIZATIONNAME = "Marni Anuradha";
				TargetAttributes = {
					33E637C323A2587800C6D120 = {
						CreatedOnToolsVersion = 11.1;
					};
					33E637D923A2588400C6D120 = {
						CreatedOnToolsVersion = 11.1;
						TestTargetID = 33E637C323A2587800C6D120;
					};
					33E637E423A2588400C6D120 = {
						CreatedOnToolsVersion = 11.1;
						TestTargetID = 33E637C323A2587800C6D120;
					};
				};
			};
			buildConfigurationList = 33E637BF23A2587800C6D120 /* Build configuration list for PBXProject "server" */;
			compatibilityVersion = "Xcode 9.3";
			developmentRegion = en;
			hasScannedForEncodings = 0;
			knownRegions = (
				en,
				Base,
			);
			mainGroup = 33E637BB23A2587800C6D120;
			productRefGroup = 33E637C523A2587800C6D120 /* Products */;
			projectDirPath = "";
			projectRoot = "";
			targets = (
				33E637C323A2587800C6D120 /* server */,
				33E637D923A2588400C6D120 /* serverTests */,
				33E637E423A2588400C6D120 /* serverUITests */,
			);
		};
/* End PBXProject section */

/* Begin PBXResourcesBuildPhase section */
		33E637C223A2587800C6D120 /* Resources */ = {
			isa = PBXResourcesBuildPhase;
			buildActionMask = 2147483647;
			files = (
				33E637D423A2588400C6D120 /* LaunchScreen.storyboard in Resources */,
				33E637D123A2588400C6D120 /* Assets.xcassets in Resources */,
				33E637CF23A2587800C6D120 /* Main.storyboard in Resources */,
			);
			runOnlyForDeploymentPostprocessing = 0;
		};
		33E637D823A2588400C6D120 /* Resources */ = {
			isa = PBXResourcesBuildPhase;
			buildActionMask = 2147483647;
			files = (
			);
			runOnlyForDeploymentPostprocessing = 0;
		};
		33E637E323A2588400C6D120 /* Resources */ = {
			isa = PBXResourcesBuildPhase;
			buildActionMask = 2147483647;
			files = (
			);
			runOnlyForDeploymentPostprocessing = 0;
		};
/* End PBXResourcesBuildPhase section */

/* Begin PBXSourcesBuildPhase section */
		33E637C023A2587800C6D120 /* Sources */ = {
			isa = PBXSourcesBuildPhase;
			buildActionMask = 2147483647;
			files = (
				33E637CC23A2587800C6D120 /* ViewController.swift in Sources */,
				33E637C823A2587800C6D120 /* AppDelegate.swift in Sources */,
				33E637CA23A2587800C6D120 /* SceneDelegate.swift in Sources */,
			);
			runOnlyForDeploymentPostprocessing = 0;
		};
		33E637D623A2588400C6D120 /* Sources */ = {
			isa = PBXSourcesBuildPhase;
			buildActionMask = 2147483647;
			files = (
				33E637DF23A2588400C6D120 /* serverTests.swift in Sources */,
			);
			runOnlyForDeploymentPostprocessing = 0;
		};
		33E637E123A2588400C6D120 /* Sources */ = {
			isa = PBXSourcesBuildPhase;
			buildActionMask = 2147483647;
			files = (
				33E637EA23A2588400C6D120 /* serverUITests.swift in Sources */,
			);
			runOnlyForDeploymentPostprocessing = 0;
		};
/* End PBXSourcesBuildPhase section */

/* Begin PBXTargetDependency section */
		33E637DC23A2588400C6D120 /* PBXTargetDependency */ = {
			isa = PBXTargetDependency;
			target = 33E637C323A2587800C6D120 /* server */;
			targetProxy = 33E637DB23A2588400C6D120 /* PBXContainerItemProxy */;
		};
		33E637E723A2588400C6D120 /* PBXTargetDependency */ = {
			isa = PBXTargetDependency;
			target = 33E637C323A2587800C6D120 /* server */;
			targetProxy = 33E637E623A2588400C6D120 /* PBXContainerItemProxy */;
		};
/* End PBXTargetDependency section */

/* Begin PBXVariantGroup section */
		33E637CD23A2587800C6D120 /* Main.storyboard */ = {
			isa = PBXVariantGroup;
			children = (
				33E637CE23A2587800C6D120 /* Base */,
			);
			name = Main.storyboard;
			sourceTree = "<group>";
		};
		33E637D223A2588400C6D120 /* LaunchScreen.storyboard */ = {
			isa = PBXVariantGroup;
			children = (
				33E637D323A2588400C6D120 /* Base */,
			);
			name = LaunchScreen.storyboard;
			sourceTree = "<group>";
		};
/* End PBXVariantGroup section */

/* Begin XCBuildConfiguration section */
		33E637EC23A2588400C6D120 /* Debug */ = {
			isa = XCBuildConfiguration;
			buildSettings = {
				ALWAYS_SEARCH_USER_PATHS = NO;
				CLANG_ANALYZER_NONNULL = YES;
				CLANG_ANALYZER_NUMBER_OBJECT_CONVERSION = YES_AGGRESSIVE;
				CLANG_CXX_LANGUAGE_STANDARD = "gnu++14";
				CLANG_CXX_LIBRARY = "libc++";
				CLANG_ENABLE_MODULES = YES;
				CLANG_ENABLE_OBJC_ARC = YES;
				CLANG_ENABLE_OBJC_WEAK = YES;
				CLANG_WARN_BLOCK_CAPTURE_AUTORELEASING = YES;
				CLANG_WARN_BOOL_CONVERSION = YES;
				CLANG_WARN_COMMA = YES;
				CLANG_WARN_CONSTANT_CONVERSION = YES;
				CLANG_WARN_DEPRECATED_OBJC_IMPLEMENTATIONS = YES;
				CLANG_WARN_DIRECT_OBJC_ISA_USAGE = YES_ERROR;
				CLANG_WARN_DOCUMENTATION_COMMENTS = YES;
				CLANG_WARN_EMPTY_BODY = YES;
				CLANG_WARN_ENUM_CONVERSION = YES;
				CLANG_WARN_INFINITE_RECURSION = YES;
				CLANG_WARN_INT_CONVERSION = YES;
				CLANG_WARN_NON_LITERAL_NULL_CONVERSION = YES;
				CLANG_WARN_OBJC_IMPLICIT_RETAIN_SELF = YES;
				CLANG_WARN_OBJC_LITERAL_CONVERSION = YES;
				CLANG_WARN_OBJC_ROOT_CLASS = YES_ERROR;
				CLANG_WARN_RANGE_LOOP_ANALYSIS = YES;
				CLANG_WARN_STRICT_PROTOTYPES = YES;
				CLANG_WARN_SUSPICIOUS_MOVE = YES;
				CLANG_WARN_UNGUARDED_AVAILABILITY = YES_AGGRESSIVE;
				CLANG_WARN_UNREACHABLE_CODE = YES;
				CLANG_WARN__DUPLICATE_METHOD_MATCH = YES;
				COPY_PHASE_STRIP = NO;
				DEBUG_INFORMATION_FORMAT = dwarf;
				ENABLE_STRICT_OBJC_MSGSEND = YES;
				ENABLE_TESTABILITY = YES;
				GCC_C_LANGUAGE_STANDARD = gnu11;
				GCC_DYNAMIC_NO_PIC = NO;
				GCC_NO_COMMON_BLOCKS = YES;
				GCC_OPTIMIZATION_LEVEL = 0;
				GCC_PREPROCESSOR_DEFINITIONS = (
					"DEBUG=1",
					"$(inherited)",
				);
				GCC_WARN_64_TO_32_BIT_CONVERSION = YES;
				GCC_WARN_ABOUT_RETURN_TYPE = YES_ERROR;
				GCC_WARN_UNDECLARED_SELECTOR = YES;
				GCC_WARN_UNINITIALIZED_AUTOS = YES_AGGRESSIVE;
				GCC_WARN_UNUSED_FUNCTION = YES;
				GCC_WARN_UNUSED_VARIABLE = YES;
				IPHONEOS_DEPLOYMENT_TARGET = 13.1;
				MTL_ENABLE_DEBUG_INFO = INCLUDE_SOURCE;
				MTL_FAST_MATH = YES;
				ONLY_ACTIVE_ARCH = YES;
				SDKROOT = iphoneos;
				SWIFT_ACTIVE_COMPILATION_CONDITIONS = DEBUG;
				SWIFT_OPTIMIZATION_LEVEL = "-Onone";
			};
			name = Debug;
		};
		33E637ED23A2588400C6D120 /* Release */ = {
			isa = XCBuildConfiguration;
			buildSettings = {
				ALWAYS_SEARCH_USER_PATHS = NO;
				CLANG_ANALYZER_NONNULL = YES;
				CLANG_ANALYZER_NUMBER_OBJECT_CONVERSION = YES_AGGRESSIVE;
				CLANG_CXX_LANGUAGE_STANDARD = "gnu++14";
				CLANG_CXX_LIBRARY = "libc++";
				CLANG_ENABLE_MODULES = YES;
				CLANG_ENABLE_OBJC_ARC = YES;
				CLANG_ENABLE_OBJC_WEAK = YES;
				CLANG_WARN_BLOCK_CAPTURE_AUTORELEASING = YES;
				CLANG_WARN_BOOL_CONVERSION = YES;
				CLANG_WARN_COMMA = YES;
				CLANG_WARN_CONSTANT_CONVERSION = YES;
				CLANG_WARN_DEPRECATED_OBJC_IMPLEMENTATIONS = YES;
				CLANG_WARN_DIRECT_OBJC_ISA_USAGE = YES_ERROR;
				CLANG_WARN_DOCUMENTATION_COMMENTS = YES;
				CLANG_WARN_EMPTY_BODY = YES;
				CLANG_WARN_ENUM_CONVERSION = YES;
				CLANG_WARN_INFINITE_RECURSION = YES;
				CLANG_WARN_INT_CONVERSION = YES;
				CLANG_WARN_NON_LITERAL_NULL_CONVERSION = YES;
				CLANG_WARN_OBJC_IMPLICIT_RETAIN_SELF = YES;
				CLANG_WARN_OBJC_LITERAL_CONVERSION = YES;
				CLANG_WARN_OBJC_ROOT_CLASS = YES_ERROR;
				CLANG_WARN_RANGE_LOOP_ANALYSIS = YES;
				CLANG_WARN_STRICT_PROTOTYPES = YES;
				CLANG_WARN_SUSPICIOUS_MOVE = YES;
				CLANG_WARN_UNGUARDED_AVAILABILITY = YES_AGGRESSIVE;
				CLANG_WARN_UNREACHABLE_CODE = YES;
				CLANG_WARN__DUPLICATE_METHOD_MATCH = YES;
				COPY_PHASE_STRIP = NO;
				DEBUG_INFORMATION_FORMAT = "dwarf-with-dsym";
				ENABLE_NS_ASSERTIONS = NO;
				ENABLE_STRICT_OBJC_MSGSEND = YES;
				GCC_C_LANGUAGE_STANDARD = gnu11;
				GCC_NO_COMMON_BLOCKS = YES;
				GCC_WARN_64_TO_32_BIT_CONVERSION = YES;
				GCC_WARN_ABOUT_RETURN_TYPE = YES_ERROR;
				GCC_WARN_UNDECLARED_SELECTOR = YES;
				GCC_WARN_UNINITIALIZED_AUTOS = YES_AGGRESSIVE;
				GCC_WARN_UNUSED_FUNCTION = YES;
				GCC_WARN_UNUSED_VARIABLE = YES;
				IPHONEOS_DEPLOYMENT_TARGET = 13.1;
				MTL_ENABLE_DEBUG_INFO = NO;
				MTL_FAST_MATH = YES;
				SDKROOT = iphoneos;
				SWIFT_COMPILATION_MODE = wholemodule;
				SWIFT_OPTIMIZATION_LEVEL = "-O";
				VALIDATE_PRODUCT = YES;
			};
			name = Release;
		};
		33E637EF23A2588400C6D120 /* Debug */ = {
			isa = XCBuildConfiguration;
			buildSettings = {
				ASSETCATALOG_COMPILER_APPICON_NAME = AppIcon;
				CODE_SIGN_STYLE = Automatic;
				INFOPLIST_FILE = server/Info.plist;
				LD_RUNPATH_SEARCH_PATHS = (
					"$(inherited)",
					"@executable_path/Frameworks",
				);
				PRODUCT_BUNDLE_IDENTIFIER = BRNInfotech.server;
				PRODUCT_NAME = "$(TARGET_NAME)";
				SWIFT_VERSION = 5.0;
				TARGETED_DEVICE_FAMILY = "1,2";
			};
			name = Debug;
		};
		33E637F023A2588400C6D120 /* Release */ = {
			isa = XCBuildConfiguration;
			buildSettings = {
				ASSETCATALOG_COMPILER_APPICON_NAME = AppIcon;
				CODE_SIGN_STYLE = Automatic;
				INFOPLIST_FILE = server/Info.plist;
				LD_RUNPATH_SEARCH_PATHS = (
					"$(inherited)",
					"@executable_path/Frameworks",
				);
				PRODUCT_BUNDLE_IDENTIFIER = BRNInfotech.server;
				PRODUCT_NAME = "$(TARGET_NAME)";
				SWIFT_VERSION = 5.0;
				TARGETED_DEVICE_FAMILY = "1,2";
			};
			name = Release;
		};
		33E637F223A2588400C6D120 /* Debug */ = {
			isa = XCBuildConfiguration;
			buildSettings = {
				ALWAYS_EMBED_SWIFT_STANDARD_LIBRARIES = YES;
				BUNDLE_LOADER = "$(TEST_HOST)";
				CODE_SIGN_STYLE = Automatic;
				INFOPLIST_FILE = serverTests/Info.plist;
				IPHONEOS_DEPLOYMENT_TARGET = 13.1;
				LD_RUNPATH_SEARCH_PATHS = (
					"$(inherited)",
					"@executable_path/Frameworks",
					"@loader_path/Frameworks",
				);
				PRODUCT_BUNDLE_IDENTIFIER = BRNInfotech.serverTests;
				PRODUCT_NAME = "$(TARGET_NAME)";
				SWIFT_VERSION = 5.0;
				TARGETED_DEVICE_FAMILY = "1,2";
				TEST_HOST = "$(BUILT_PRODUCTS_DIR)/server.app/server";
			};
			name = Debug;
		};
		33E637F323A2588400C6D120 /* Release */ = {
			isa = XCBuildConfiguration;
			buildSettings = {
				ALWAYS_EMBED_SWIFT_STANDARD_LIBRARIES = YES;
				BUNDLE_LOADER = "$(TEST_HOST)";
				CODE_SIGN_STYLE = Automatic;
				INFOPLIST_FILE = serverTests/Info.plist;
				IPHONEOS_DEPLOYMENT_TARGET = 13.1;
				LD_RUNPATH_SEARCH_PATHS = (
					"$(inherited)",
					"@executable_path/Frameworks",
					"@loader_path/Frameworks",
				);
				PRODUCT_BUNDLE_IDENTIFIER = BRNInfotech.serverTests;
				PRODUCT_NAME = "$(TARGET_NAME)";
				SWIFT_VERSION = 5.0;
				TARGETED_DEVICE_FAMILY = "1,2";
				TEST_HOST = "$(BUILT_PRODUCTS_DIR)/server.app/server";
			};
			name = Release;
		};
		33E637F523A2588400C6D120 /* Debug */ = {
			isa = XCBuildConfiguration;
			buildSettings = {
				ALWAYS_EMBED_SWIFT_STANDARD_LIBRARIES = YES;
				CODE_SIGN_STYLE = Automatic;
				INFOPLIST_FILE = serverUITests/Info.plist;
				LD_RUNPATH_SEARCH_PATHS = (
					"$(inherited)",
					"@executable_path/Frameworks",
					"@loader_path/Frameworks",
				);
				PRODUCT_BUNDLE_IDENTIFIER = BRNInfotech.serverUITests;
				PRODUCT_NAME = "$(TARGET_NAME)";
				SWIFT_VERSION = 5.0;
				TARGETED_DEVICE_FAMILY = "1,2";
				TEST_TARGET_NAME = server;
			};
			name = Debug;
		};
		33E637F623A2588400C6D120 /* Release */ = {
			isa = XCBuildConfiguration;
			buildSettings = {
				ALWAYS_EMBED_SWIFT_STANDARD_LIBRARIES = YES;
				CODE_SIGN_STYLE = Automatic;
				INFOPLIST_FILE = serverUITests/Info.plist;
				LD_RUNPATH_SEARCH_PATHS = (
					"$(inherited)",
					"@executable_path/Frameworks",
					"@loader_path/Frameworks",
				);
				PRODUCT_BUNDLE_IDENTIFIER = BRNInfotech.serverUITests;
				PRODUCT_NAME = "$(TARGET_NAME)";
				SWIFT_VERSION = 5.0;
				TARGETED_DEVICE_FAMILY = "1,2";
				TEST_TARGET_NAME = server;
			};
			name = Release;
		};
/* End XCBuildConfiguration section */

/* Begin XCConfigurationList section */
		33E637BF23A2587800C6D120 /* Build configuration list for PBXProject "server" */ = {
			isa = XCConfigurationList;
			buildConfigurations = (
				33E637EC23A2588400C6D120 /* Debug */,
				33E637ED23A2588400C6D120 /* Release */,
			);
			defaultConfigurationIsVisible = 0;
			defaultConfigurationName = Release;
		};
		33E637EE23A2588400C6D120 /* Build configuration list for PBXNativeTarget "server" */ = {
			isa = XCConfigurationList;
			buildConfigurations = (
				33E637EF23A2588400C6D120 /* Debug */,
				33E637F023A2588400C6D120 /* Release */,
			);
			defaultConfigurationIsVisible = 0;
			defaultConfigurationName = Release;
		};
		33E637F123A2588400C6D120 /* Build configuration list for PBXNativeTarget "serverTests" */ = {
			isa = XCConfigurationList;
			buildConfigurations = (
				33E637F223A2588400C6D120 /* Debug */,
				33E637F323A2588400C6D120 /* Release */,
			);
			defaultConfigurationIsVisible = 0;
			defaultConfigurationName = Release;
		};
		33E637F423A2588400C6D120 /* Build configuration list for PBXNativeTarget "serverUITests" */ = {
			isa = XCConfigurationList;
			buildConfigurations = (
				33E637F523A2588400C6D120 /* Debug */,
				33E637F623A2588400C6D120 /* Release */,
			);
			defaultConfigurationIsVisible = 0;
			defaultConfigurationName = Release;
		};
/* End XCConfigurationList section */
	};
	rootObject = 33E637BC23A2587800C6D120 /* Project object */;
}
